
Microsoft Visual Studio Solution File, Format Version 12.00
# Visual Studio Version 17
VisualStudioVersion = 17.4.33110.190
MinimumVisualStudioVersion = 10.0.40219.1
Project("{FAE04EC0-301F-11D3-BF4B-00C04F79EFBC}") = "Cinema.API", "Cinema.API\Cinema.API.csproj", "{244C21F7-38EA-4730-A1DB-82A5823929B4}"
EndProject
Project("{FAE04EC0-301F-11D3-BF4B-00C04F79EFBC}") = "Cinema.WEB", "Cinema.WEB\Cinema.WEB.csproj", "{7AB4A981-86D7-4F23-AF3E-E60375B6FB4E}"
EndProject
Global
	GlobalSection(SolutionConfigurationPlatforms) = preSolution
		Debug|Any CPU = Debug|Any CPU
		Release|Any CPU = Release|Any CPU
	EndGlobalSection
	GlobalSection(ProjectConfigurationPlatforms) = postSolution
		{244C21F7-38EA-4730-A1DB-82A5823929B4}.Debug|Any CPU.ActiveCfg = Debug|Any CPU
		{244C21F7-38EA-4730-A1DB-82A5823929B4}.Debug|Any CPU.Build.0 = Debug|Any CPU
		{244C21F7-38EA-4730-A1DB-82A5823929B4}.Release|Any CPU.ActiveCfg = Release|Any CPU
		{244C21F7-38EA-4730-A1DB-82A5823929B4}.Release|Any CPU.Build.0 = Release|Any CPU
		{7AB4A981-86D7-4F23-AF3E-E60375B6FB4E}.Debug|Any CPU.ActiveCfg = Debug|Any CPU
		{7AB4A981-86D7-4F23-AF3E-E60375B6FB4E}.Debug|Any CPU.Build.0 = Debug|Any CPU
		{7AB4A981-86D7-4F23-AF3E-E60375B6FB4E}.Release|Any CPU.ActiveCfg = Release|Any CPU
		{7AB4A981-86D7-4F23-AF3E-E60375B6FB4E}.Release|Any CPU.Build.0 = Release|Any CPU
	EndGlobalSection
	GlobalSection(SolutionProperties) = preSolution
		HideSolutionNode = FALSE
	EndGlobalSection
	GlobalSection(ExtensibilityGlobals) = postSolution
		SolutionGuid = {8A3368C7-6136-46D5-88E1-50654502193C}
	EndGlobalSection
EndGlobal
